
Microsoft Visual Studio Solution File, Format Version 12.00
# Visual Studio 2012
Project("{2150E333-8FDC-42A3-9474-1A3956D46DE8}") = "FactoryMethod", "FactoryMethod", "{F253D3FF-EFCC-4621-9862-292FC8379906}"
EndProject
Project("{2150E333-8FDC-42A3-9474-1A3956D46DE8}") = "Adapter", "Adapter", "{3EDE7151-DB37-4AD4-ACA9-C3B611105C52}"
EndProject
Project("{2150E333-8FDC-42A3-9474-1A3956D46DE8}") = "Decorator", "Decorator", "{22F31CD3-67B1-4033-984F-5BF2B8156199}"
EndProject
Project("{FAE04EC0-301F-11D3-BF4B-00C04F79EFBC}") = "People.Service", "People.Service\People.Service.csproj", "{5FE8AD75-B070-4A7F-9587-C40EE51BDD44}"
EndProject
Project("{FAE04EC0-301F-11D3-BF4B-00C04F79EFBC}") = "PersonRepository.CSV", "PersonRepository.CSV\PersonRepository.CSV.csproj", "{22D242EB-8113-49E3-8CC9-03A41E3B185E}"
EndProject
Project("{FAE04EC0-301F-11D3-BF4B-00C04F79EFBC}") = "PersonRepository.Interface", "PersonRepository.Interface\PersonRepository.Interface.csproj", "{07234EAC-B32F-4769-A4C5-83209A858829}"
EndProject
Project("{FAE04EC0-301F-11D3-BF4B-00C04F79EFBC}") = "PersonRepository.Service", "PersonRepository.Service\PersonRepository.Service.csproj", "{8EBA64E3-198D-4456-B9BF-D7EF9BD2CBCE}"
EndProject
Project("{FAE04EC0-301F-11D3-BF4B-00C04F79EFBC}") = "PersonRepository.SQL", "PersonRepository.SQL\PersonRepository.SQL.csproj", "{003702D8-E922-4539-80D4-15AAB22FF29D}"
EndProject
Project("{2150E333-8FDC-42A3-9474-1A3956D46DE8}") = "SharedItems", "SharedItems", "{52ED665A-11A3-451A-A524-F8AE63B15DFD}"
EndProject
Project("{2150E333-8FDC-42A3-9474-1A3956D46DE8}") = "Repositories", "Repositories", "{9FB8209A-E7B1-404A-91FA-C42D2158AD45}"
EndProject
Project("{2150E333-8FDC-42A3-9474-1A3956D46DE8}") = "Services", "Services", "{ACD4CA4C-8A65-4E5C-9725-42D1D5E64882}"
EndProject
Project("{FAE04EC0-301F-11D3-BF4B-00C04F79EFBC}") = "Factory-PeopleViewer", "Factory-PeopleViewer\Factory-PeopleViewer.csproj", "{EC6283B8-58C2-41FF-80C6-0C5C7A402541}"
EndProject
Project("{FAE04EC0-301F-11D3-BF4B-00C04F79EFBC}") = "Decorator-PeopleViewer", "Decorator-PeopleViewer\Decorator-PeopleViewer.csproj", "{6F61E5DD-AE26-437E-BC62-299874E51DE6}"
EndProject
Project("{FAE04EC0-301F-11D3-BF4B-00C04F79EFBC}") = "PersonRepository.CachingDecorator", "PersonRepository.CachingDecorator\PersonRepository.CachingDecorator.csproj", "{898C1EA9-324B-48CE-917B-053C842EA0A0}"
EndProject
Project("{FAE04EC0-301F-11D3-BF4B-00C04F79EFBC}") = "Adapter-PeopleViewer", "Adapter-PeopleViewer\Adapter-PeopleViewer.csproj", "{B3383834-AC04-4429-A58C-8A1275252FD1}"
EndProject
Project("{FAE04EC0-301F-11D3-BF4B-00C04F79EFBC}") = "PersonRepository.SQL.WithAdapter", "PersonRepository.SQL.WithAdapter\PersonRepository.SQL.WithAdapter.csproj", "{F43A5A3B-C936-4D99-96B7-7835A8F33A53}"
EndProject
Project("{FAE04EC0-301F-11D3-BF4B-00C04F79EFBC}") = "PersonRepository.Factory", "PersonRepository.Factory\PersonRepository.Factory.csproj", "{D055EDF6-7A1B-4B32-AEF5-89FA86338149}"
EndProject
Global
	GlobalSection(SolutionConfigurationPlatforms) = preSolution
		Debug|Any CPU = Debug|Any CPU
		Release|Any CPU = Release|Any CPU
	EndGlobalSection
	GlobalSection(ProjectConfigurationPlatforms) = postSolution
		{5FE8AD75-B070-4A7F-9587-C40EE51BDD44}.Debug|Any CPU.ActiveCfg = Debug|Any CPU
		{5FE8AD75-B070-4A7F-9587-C40EE51BDD44}.Debug|Any CPU.Build.0 = Debug|Any CPU
		{5FE8AD75-B070-4A7F-9587-C40EE51BDD44}.Release|Any CPU.ActiveCfg = Release|Any CPU
		{5FE8AD75-B070-4A7F-9587-C40EE51BDD44}.Release|Any CPU.Build.0 = Release|Any CPU
		{22D242EB-8113-49E3-8CC9-03A41E3B185E}.Debug|Any CPU.ActiveCfg = Debug|Any CPU
		{22D242EB-8113-49E3-8CC9-03A41E3B185E}.Debug|Any CPU.Build.0 = Debug|Any CPU
		{22D242EB-8113-49E3-8CC9-03A41E3B185E}.Release|Any CPU.ActiveCfg = Release|Any CPU
		{22D242EB-8113-49E3-8CC9-03A41E3B185E}.Release|Any CPU.Build.0 = Release|Any CPU
		{07234EAC-B32F-4769-A4C5-83209A858829}.Debug|Any CPU.ActiveCfg = Debug|Any CPU
		{07234EAC-B32F-4769-A4C5-83209A858829}.Debug|Any CPU.Build.0 = Debug|Any CPU
		{07234EAC-B32F-4769-A4C5-83209A858829}.Release|Any CPU.ActiveCfg = Release|Any CPU
		{07234EAC-B32F-4769-A4C5-83209A858829}.Release|Any CPU.Build.0 = Release|Any CPU
		{8EBA64E3-198D-4456-B9BF-D7EF9BD2CBCE}.Debug|Any CPU.ActiveCfg = Debug|Any CPU
		{8EBA64E3-198D-4456-B9BF-D7EF9BD2CBCE}.Debug|Any CPU.Build.0 = Debug|Any CPU
		{8EBA64E3-198D-4456-B9BF-D7EF9BD2CBCE}.Release|Any CPU.ActiveCfg = Release|Any CPU
		{8EBA64E3-198D-4456-B9BF-D7EF9BD2CBCE}.Release|Any CPU.Build.0 = Release|Any CPU
		{003702D8-E922-4539-80D4-15AAB22FF29D}.Debug|Any CPU.ActiveCfg = Debug|Any CPU
		{003702D8-E922-4539-80D4-15AAB22FF29D}.Debug|Any CPU.Build.0 = Debug|Any CPU
		{003702D8-E922-4539-80D4-15AAB22FF29D}.Release|Any CPU.ActiveCfg = Release|Any CPU
		{003702D8-E922-4539-80D4-15AAB22FF29D}.Release|Any CPU.Build.0 = Release|Any CPU
		{EC6283B8-58C2-41FF-80C6-0C5C7A402541}.Debug|Any CPU.ActiveCfg = Debug|Any CPU
		{EC6283B8-58C2-41FF-80C6-0C5C7A402541}.Debug|Any CPU.Build.0 = Debug|Any CPU
		{EC6283B8-58C2-41FF-80C6-0C5C7A402541}.Release|Any CPU.ActiveCfg = Release|Any CPU
		{EC6283B8-58C2-41FF-80C6-0C5C7A402541}.Release|Any CPU.Build.0 = Release|Any CPU
		{6F61E5DD-AE26-437E-BC62-299874E51DE6}.Debug|Any CPU.ActiveCfg = Debug|Any CPU
		{6F61E5DD-AE26-437E-BC62-299874E51DE6}.Debug|Any CPU.Build.0 = Debug|Any CPU
		{6F61E5DD-AE26-437E-BC62-299874E51DE6}.Release|Any CPU.ActiveCfg = Release|Any CPU
		{6F61E5DD-AE26-437E-BC62-299874E51DE6}.Release|Any CPU.Build.0 = Release|Any CPU
		{898C1EA9-324B-48CE-917B-053C842EA0A0}.Debug|Any CPU.ActiveCfg = Debug|Any CPU
		{898C1EA9-324B-48CE-917B-053C842EA0A0}.Debug|Any CPU.Build.0 = Debug|Any CPU
		{898C1EA9-324B-48CE-917B-053C842EA0A0}.Release|Any CPU.ActiveCfg = Release|Any CPU
		{898C1EA9-324B-48CE-917B-053C842EA0A0}.Release|Any CPU.Build.0 = Release|Any CPU
		{B3383834-AC04-4429-A58C-8A1275252FD1}.Debug|Any CPU.ActiveCfg = Debug|Any CPU
		{B3383834-AC04-4429-A58C-8A1275252FD1}.Debug|Any CPU.Build.0 = Debug|Any CPU
		{B3383834-AC04-4429-A58C-8A1275252FD1}.Release|Any CPU.ActiveCfg = Release|Any CPU
		{B3383834-AC04-4429-A58C-8A1275252FD1}.Release|Any CPU.Build.0 = Release|Any CPU
		{F43A5A3B-C936-4D99-96B7-7835A8F33A53}.Debug|Any CPU.ActiveCfg = Debug|Any CPU
		{F43A5A3B-C936-4D99-96B7-7835A8F33A53}.Debug|Any CPU.Build.0 = Debug|Any CPU
		{F43A5A3B-C936-4D99-96B7-7835A8F33A53}.Release|Any CPU.ActiveCfg = Release|Any CPU
		{F43A5A3B-C936-4D99-96B7-7835A8F33A53}.Release|Any CPU.Build.0 = Release|Any CPU
		{D055EDF6-7A1B-4B32-AEF5-89FA86338149}.Debug|Any CPU.ActiveCfg = Debug|Any CPU
		{D055EDF6-7A1B-4B32-AEF5-89FA86338149}.Debug|Any CPU.Build.0 = Debug|Any CPU
		{D055EDF6-7A1B-4B32-AEF5-89FA86338149}.Release|Any CPU.ActiveCfg = Release|Any CPU
		{D055EDF6-7A1B-4B32-AEF5-89FA86338149}.Release|Any CPU.Build.0 = Release|Any CPU
	EndGlobalSection
	GlobalSection(SolutionProperties) = preSolution
		HideSolutionNode = FALSE
	EndGlobalSection
	GlobalSection(NestedProjects) = preSolution
		{EC6283B8-58C2-41FF-80C6-0C5C7A402541} = {F253D3FF-EFCC-4621-9862-292FC8379906}
		{B3383834-AC04-4429-A58C-8A1275252FD1} = {3EDE7151-DB37-4AD4-ACA9-C3B611105C52}
		{F43A5A3B-C936-4D99-96B7-7835A8F33A53} = {3EDE7151-DB37-4AD4-ACA9-C3B611105C52}
		{6F61E5DD-AE26-437E-BC62-299874E51DE6} = {22F31CD3-67B1-4033-984F-5BF2B8156199}
		{898C1EA9-324B-48CE-917B-053C842EA0A0} = {22F31CD3-67B1-4033-984F-5BF2B8156199}
		{9FB8209A-E7B1-404A-91FA-C42D2158AD45} = {52ED665A-11A3-451A-A524-F8AE63B15DFD}
		{ACD4CA4C-8A65-4E5C-9725-42D1D5E64882} = {52ED665A-11A3-451A-A524-F8AE63B15DFD}
		{07234EAC-B32F-4769-A4C5-83209A858829} = {9FB8209A-E7B1-404A-91FA-C42D2158AD45}
		{8EBA64E3-198D-4456-B9BF-D7EF9BD2CBCE} = {9FB8209A-E7B1-404A-91FA-C42D2158AD45}
		{003702D8-E922-4539-80D4-15AAB22FF29D} = {9FB8209A-E7B1-404A-91FA-C42D2158AD45}
		{22D242EB-8113-49E3-8CC9-03A41E3B185E} = {9FB8209A-E7B1-404A-91FA-C42D2158AD45}
		{D055EDF6-7A1B-4B32-AEF5-89FA86338149} = {9FB8209A-E7B1-404A-91FA-C42D2158AD45}
		{5FE8AD75-B070-4A7F-9587-C40EE51BDD44} = {ACD4CA4C-8A65-4E5C-9725-42D1D5E64882}
	EndGlobalSection
EndGlobal
