
Microsoft Visual Studio Solution File, Format Version 12.00
# Visual Studio 2012
Project("{2150E333-8FDC-42A3-9474-1A3956D46DE8}") = "SequenceIterator", "SequenceIterator", "{40666C85-A880-407D-B5B7-8A7CD2A05397}"
EndProject
Project("{2150E333-8FDC-42A3-9474-1A3956D46DE8}") = "MP3Catalog", "MP3Catalog", "{210260F2-FA49-4D5D-98A4-DCD01479D2FB}"
EndProject
Project("{FAE04EC0-301F-11D3-BF4B-00C04F79EFBC}") = "Iterator-foreach", "Iterator-foreach\Iterator-foreach.csproj", "{104461CA-7A92-474F-8170-DEA0D3043082}"
EndProject
Project("{FAE04EC0-301F-11D3-BF4B-00C04F79EFBC}") = "Iterator-SequenceLibrary", "Iterator-SequenceLibrary\Iterator-SequenceLibrary.csproj", "{66F59393-382F-4539-A64E-ACCEB6DB0C62}"
EndProject
Project("{FAE04EC0-301F-11D3-BF4B-00C04F79EFBC}") = "Iterator-SequenceViewer", "Iterator-SequenceViewer\Iterator-SequenceViewer.csproj", "{2B5D5F8B-107E-4933-9BE5-71647AEA672C}"
EndProject
Project("{FAE04EC0-301F-11D3-BF4B-00C04F79EFBC}") = "Iterator-MP3Library", "Iterator-MP3Library\Iterator-MP3Library.csproj", "{1EBAE098-1277-4D1C-94A2-0DF4119E46C2}"
EndProject
Project("{FAE04EC0-301F-11D3-BF4B-00C04F79EFBC}") = "Iterator-MP3Viewer", "Iterator-MP3Viewer\Iterator-MP3Viewer.csproj", "{07727996-A5FB-4A6E-8F8A-516345ED260B}"
EndProject
Global
	GlobalSection(SolutionConfigurationPlatforms) = preSolution
		Debug|Any CPU = Debug|Any CPU
		Release|Any CPU = Release|Any CPU
	EndGlobalSection
	GlobalSection(ProjectConfigurationPlatforms) = postSolution
		{104461CA-7A92-474F-8170-DEA0D3043082}.Debug|Any CPU.ActiveCfg = Debug|Any CPU
		{104461CA-7A92-474F-8170-DEA0D3043082}.Debug|Any CPU.Build.0 = Debug|Any CPU
		{104461CA-7A92-474F-8170-DEA0D3043082}.Release|Any CPU.ActiveCfg = Release|Any CPU
		{104461CA-7A92-474F-8170-DEA0D3043082}.Release|Any CPU.Build.0 = Release|Any CPU
		{66F59393-382F-4539-A64E-ACCEB6DB0C62}.Debug|Any CPU.ActiveCfg = Debug|Any CPU
		{66F59393-382F-4539-A64E-ACCEB6DB0C62}.Debug|Any CPU.Build.0 = Debug|Any CPU
		{66F59393-382F-4539-A64E-ACCEB6DB0C62}.Release|Any CPU.ActiveCfg = Release|Any CPU
		{66F59393-382F-4539-A64E-ACCEB6DB0C62}.Release|Any CPU.Build.0 = Release|Any CPU
		{2B5D5F8B-107E-4933-9BE5-71647AEA672C}.Debug|Any CPU.ActiveCfg = Debug|Any CPU
		{2B5D5F8B-107E-4933-9BE5-71647AEA672C}.Debug|Any CPU.Build.0 = Debug|Any CPU
		{2B5D5F8B-107E-4933-9BE5-71647AEA672C}.Release|Any CPU.ActiveCfg = Release|Any CPU
		{2B5D5F8B-107E-4933-9BE5-71647AEA672C}.Release|Any CPU.Build.0 = Release|Any CPU
		{1EBAE098-1277-4D1C-94A2-0DF4119E46C2}.Debug|Any CPU.ActiveCfg = Debug|Any CPU
		{1EBAE098-1277-4D1C-94A2-0DF4119E46C2}.Debug|Any CPU.Build.0 = Debug|Any CPU
		{1EBAE098-1277-4D1C-94A2-0DF4119E46C2}.Release|Any CPU.ActiveCfg = Release|Any CPU
		{1EBAE098-1277-4D1C-94A2-0DF4119E46C2}.Release|Any CPU.Build.0 = Release|Any CPU
		{07727996-A5FB-4A6E-8F8A-516345ED260B}.Debug|Any CPU.ActiveCfg = Debug|Any CPU
		{07727996-A5FB-4A6E-8F8A-516345ED260B}.Debug|Any CPU.Build.0 = Debug|Any CPU
		{07727996-A5FB-4A6E-8F8A-516345ED260B}.Release|Any CPU.ActiveCfg = Release|Any CPU
		{07727996-A5FB-4A6E-8F8A-516345ED260B}.Release|Any CPU.Build.0 = Release|Any CPU
	EndGlobalSection
	GlobalSection(SolutionProperties) = preSolution
		HideSolutionNode = FALSE
	EndGlobalSection
	GlobalSection(NestedProjects) = preSolution
		{66F59393-382F-4539-A64E-ACCEB6DB0C62} = {40666C85-A880-407D-B5B7-8A7CD2A05397}
		{2B5D5F8B-107E-4933-9BE5-71647AEA672C} = {40666C85-A880-407D-B5B7-8A7CD2A05397}
		{1EBAE098-1277-4D1C-94A2-0DF4119E46C2} = {210260F2-FA49-4D5D-98A4-DCD01479D2FB}
		{07727996-A5FB-4A6E-8F8A-516345ED260B} = {210260F2-FA49-4D5D-98A4-DCD01479D2FB}
	EndGlobalSection
EndGlobal
